# THIS IS AN AUTOGENERATED FILE. DO NOT EDIT THIS FILE DIRECTLY.
# yarn lockfile v1


"@aws-cdk/assets@1.156.1":
  version "1.156.1"
  resolved "https://registry.yarnpkg.com/@aws-cdk/assets/-/assets-1.156.1.tgz#630f99a51325c9550687c0650b2e49b87b738532"
  integrity sha512-n/p+wm04acdrXJoX+/NkQR4GwMN1731Jsw1i80xrzpf1HTd7IyinAfxluN61ONxoYaNYDXXgjENNHqlPYRPz+Q==
  dependencies:
    "@aws-cdk/core" "1.156.1"
    "@aws-cdk/cx-api" "1.156.1"
    constructs "^3.3.69"

"@aws-cdk/aws-acmpca@1.156.1":
  version "1.156.1"
  resolved "https://registry.yarnpkg.com/@aws-cdk/aws-acmpca/-/aws-acmpca-1.156.1.tgz#cebac76549a0f7df63bf85397f5451fa318a2093"
  integrity sha512-pinK4iyEB7SvaozYMQ4yH7XIdapt7jE0/n9jBcUoHYxCmtHiFmPcAmW/TqBwkZ/H9PinoF+h32CmyiE8pDLcAQ==
  dependencies:
    "@aws-cdk/core" "1.156.1"
    constructs "^3.3.69"

"@aws-cdk/aws-apigateway@1.156.1":
  version "1.156.1"
  resolved "https://registry.yarnpkg.com/@aws-cdk/aws-apigateway/-/aws-apigateway-1.156.1.tgz#50f8378b3822cdc91587ef5966953b84bd95fdc3"
  integrity sha512-coW2/vsExiQQs9n/ewbY4FdPQgK6vvBNI4SIjVobO+IUq23JyAQn0ZfapNQ4fCfYC1/FnnYWx1CqbXWdIojMSA==
  dependencies:
    "@aws-cdk/aws-certificatemanager" "1.156.1"
    "@aws-cdk/aws-cloudwatch" "1.156.1"
    "@aws-cdk/aws-cognito" "1.156.1"
    "@aws-cdk/aws-ec2" "1.156.1"
    "@aws-cdk/aws-elasticloadbalancingv2" "1.156.1"
    "@aws-cdk/aws-iam" "1.156.1"
    "@aws-cdk/aws-lambda" "1.156.1"
    "@aws-cdk/aws-logs" "1.156.1"
    "@aws-cdk/aws-s3" "1.156.1"
    "@aws-cdk/aws-s3-assets" "1.156.1"
    "@aws-cdk/aws-stepfunctions" "1.156.1"
    "@aws-cdk/core" "1.156.1"
    "@aws-cdk/cx-api" "1.156.1"
    constructs "^3.3.69"

"@aws-cdk/aws-applicationautoscaling@1.156.1":
  version "1.156.1"
  resolved "https://registry.yarnpkg.com/@aws-cdk/aws-applicationautoscaling/-/aws-applicationautoscaling-1.156.1.tgz#f4458e31ae12fe1f9b4016af5af37a0d9de45678"
  integrity sha512-G6ZH6D8G8/HQ2oKOIpCrq9QSJm+RnXtlxGsebrZizfpZy+5dD2pkUcLFa8YzKVQ/F320vDos4oPvxBbD5s5M+Q==
  dependencies:
    "@aws-cdk/aws-autoscaling-common" "1.156.1"
    "@aws-cdk/aws-cloudwatch" "1.156.1"
    "@aws-cdk/aws-iam" "1.156.1"
    "@aws-cdk/core" "1.156.1"
    constructs "^3.3.69"

"@aws-cdk/aws-autoscaling-common@1.156.1":
  version "1.156.1"
  resolved "https://registry.yarnpkg.com/@aws-cdk/aws-autoscaling-common/-/aws-autoscaling-common-1.156.1.tgz#fbf2a1bfd3e7af411fb84bdb6d02df3e5c269cd2"
  integrity sha512-KrgJhSxhcOOlNrF7UDwytiW4RUTIj0F6INsSJrBWANakV28yox6HF2nFnV/1Ubk/FHWuMFyLH3JmOB9mScHKcQ==
  dependencies:
    "@aws-cdk/aws-iam" "1.156.1"
    "@aws-cdk/core" "1.156.1"
    constructs "^3.3.69"

"@aws-cdk/aws-certificatemanager@1.156.1", "@aws-cdk/aws-certificatemanager@^1.156.1":
  version "1.156.1"
  resolved "https://registry.yarnpkg.com/@aws-cdk/aws-certificatemanager/-/aws-certificatemanager-1.156.1.tgz#b01effdd3ee73c5cf9b8abdf9c010d979f1157c8"
  integrity sha512-6Zxtj6jTdB8+/lqRRk+QAbTBsw6pb1//+yQpNdtxPnhdOLeSl2zBZOg/zIh3rw1WxgyKwV3AwRrILk6/q1vKxQ==
  dependencies:
    "@aws-cdk/aws-acmpca" "1.156.1"
    "@aws-cdk/aws-cloudwatch" "1.156.1"
    "@aws-cdk/aws-iam" "1.156.1"
    "@aws-cdk/aws-lambda" "1.156.1"
    "@aws-cdk/aws-route53" "1.156.1"
    "@aws-cdk/core" "1.156.1"
    constructs "^3.3.69"

"@aws-cdk/aws-cloudformation@1.156.1":
  version "1.156.1"
  resolved "https://registry.yarnpkg.com/@aws-cdk/aws-cloudformation/-/aws-cloudformation-1.156.1.tgz#e825d5982c231783d9bc06cfc18c7d1b76ed7b86"
  integrity sha512-akDXkwtocKPnky2NkgTjg9Oa+wV0WtXOAvH1zpbzT8mpwAlbk9bjQyXHHkeFLN4q3wT/0pvunja1Ewa8SQBAQQ==
  dependencies:
    "@aws-cdk/aws-iam" "1.156.1"
    "@aws-cdk/aws-lambda" "1.156.1"
    "@aws-cdk/aws-s3" "1.156.1"
    "@aws-cdk/aws-sns" "1.156.1"
    "@aws-cdk/core" "1.156.1"
    "@aws-cdk/cx-api" "1.156.1"
    constructs "^3.3.69"

"@aws-cdk/aws-cloudfront@1.156.1", "@aws-cdk/aws-cloudfront@^1.156.1":
  version "1.156.1"
  resolved "https://registry.yarnpkg.com/@aws-cdk/aws-cloudfront/-/aws-cloudfront-1.156.1.tgz#f9fc3243c0fabc9f94db6ecf10491e34de212ee6"
  integrity sha512-i6oqcxOb/tNJJgB8G0G6/gjabd3TGbHSo0g/ChfT6OwF6NdM8mtn2FuXRcFTbmEf1sxnpRRno/nAsPxcqtZM4Q==
  dependencies:
    "@aws-cdk/aws-certificatemanager" "1.156.1"
    "@aws-cdk/aws-cloudwatch" "1.156.1"
    "@aws-cdk/aws-ec2" "1.156.1"
    "@aws-cdk/aws-iam" "1.156.1"
    "@aws-cdk/aws-kms" "1.156.1"
    "@aws-cdk/aws-lambda" "1.156.1"
    "@aws-cdk/aws-s3" "1.156.1"
    "@aws-cdk/aws-ssm" "1.156.1"
    "@aws-cdk/core" "1.156.1"
    "@aws-cdk/cx-api" "1.156.1"
    constructs "^3.3.69"

"@aws-cdk/aws-cloudwatch@1.156.1":
  version "1.156.1"
  resolved "https://registry.yarnpkg.com/@aws-cdk/aws-cloudwatch/-/aws-cloudwatch-1.156.1.tgz#f0d93e7e14af16621582a237fe8f644736976405"
  integrity sha512-mc+kg13AMQS26SVz3ony8enhp9KIKeXolDbh1Gkv8nd0gWRkWk+9xbiWAYT0rJEKb3ZAUTVGZwOM7DVC8YUUcw==
  dependencies:
    "@aws-cdk/aws-iam" "1.156.1"
    "@aws-cdk/core" "1.156.1"
    constructs "^3.3.69"

"@aws-cdk/aws-codeguruprofiler@1.156.1":
  version "1.156.1"
  resolved "https://registry.yarnpkg.com/@aws-cdk/aws-codeguruprofiler/-/aws-codeguruprofiler-1.156.1.tgz#f44b6f00b5114292d1e437ea2d1c81f543df44aa"
  integrity sha512-3qHaa1EHJr1BASs/Cc/iJnshPN0xb4BnWatSOqK0chHA2F1/6aOnxmnz7sGXZGdrHTmQIBYsGOp36kitzfwDdw==
  dependencies:
    "@aws-cdk/aws-iam" "1.156.1"
    "@aws-cdk/core" "1.156.1"
    constructs "^3.3.69"

"@aws-cdk/aws-codestarnotifications@1.156.1":
  version "1.156.1"
  resolved "https://registry.yarnpkg.com/@aws-cdk/aws-codestarnotifications/-/aws-codestarnotifications-1.156.1.tgz#c83d98c6dfe0b6522fa5a719cf43f911cc003c64"
  integrity sha512-YEMFpQhVrC45qD0aCy8Uf6kPYxF5grEn8PE9+kj/4HCiDeAAJ7tZwsVP5QYUDsPVttax7xi15aFtnx41/POo7w==
  dependencies:
    "@aws-cdk/core" "1.156.1"
    constructs "^3.3.69"

"@aws-cdk/aws-cognito@1.156.1":
  version "1.156.1"
  resolved "https://registry.yarnpkg.com/@aws-cdk/aws-cognito/-/aws-cognito-1.156.1.tgz#a0b4e6e1295851910d8c790363fc4f73f7dad054"
  integrity sha512-JX3+I0WGyBm7cX1SyOifG/luVkVNIIpunyry68Xmocek+hlTEXRIseuwGJD2Y15WTeJ+CA9TV0rkgK+FkGqXsg==
  dependencies:
    "@aws-cdk/aws-certificatemanager" "1.156.1"
    "@aws-cdk/aws-iam" "1.156.1"
    "@aws-cdk/aws-kms" "1.156.1"
    "@aws-cdk/aws-lambda" "1.156.1"
    "@aws-cdk/core" "1.156.1"
    "@aws-cdk/custom-resources" "1.156.1"
    constructs "^3.3.69"
    punycode "^2.1.1"

"@aws-cdk/aws-ec2@1.156.1":
  version "1.156.1"
  resolved "https://registry.yarnpkg.com/@aws-cdk/aws-ec2/-/aws-ec2-1.156.1.tgz#37a8d1988de13a6df977b94d6e817589352ca28c"
  integrity sha512-Jsczd4Tj2kbfbENnKMTaLjIaC9ypCm/eq6IM2FAzavzR8whEcTKJ7XWrZpH8Ek9nyVlhM9qFhKWqqsEfGRvraQ==
  dependencies:
    "@aws-cdk/aws-cloudwatch" "1.156.1"
    "@aws-cdk/aws-iam" "1.156.1"
    "@aws-cdk/aws-kms" "1.156.1"
    "@aws-cdk/aws-logs" "1.156.1"
    "@aws-cdk/aws-s3" "1.156.1"
    "@aws-cdk/aws-s3-assets" "1.156.1"
    "@aws-cdk/aws-ssm" "1.156.1"
    "@aws-cdk/cloud-assembly-schema" "1.156.1"
    "@aws-cdk/core" "1.156.1"
    "@aws-cdk/cx-api" "1.156.1"
    "@aws-cdk/region-info" "1.156.1"
    constructs "^3.3.69"

"@aws-cdk/aws-ecr-assets@1.156.1":
  version "1.156.1"
  resolved "https://registry.yarnpkg.com/@aws-cdk/aws-ecr-assets/-/aws-ecr-assets-1.156.1.tgz#4897bc69a162f5c8ca70bee6ea4b6653f9b8ff56"
  integrity sha512-y4Aq9xYFZLgDHWP9PIuPxbQjJMg8Das0vaIyOyXf+S3Pgc2BkprZJDz67iNlhwGTfUdZZlQymxnGjzOgGBds1g==
  dependencies:
    "@aws-cdk/assets" "1.156.1"
    "@aws-cdk/aws-ecr" "1.156.1"
    "@aws-cdk/aws-iam" "1.156.1"
    "@aws-cdk/aws-s3" "1.156.1"
    "@aws-cdk/core" "1.156.1"
    "@aws-cdk/cx-api" "1.156.1"
    constructs "^3.3.69"

"@aws-cdk/aws-ecr@1.156.1":
  version "1.156.1"
  resolved "https://registry.yarnpkg.com/@aws-cdk/aws-ecr/-/aws-ecr-1.156.1.tgz#f460f4840071842d2573d4f534292bec31bb4461"
  integrity sha512-b8hbhLLDTgWYIZvVglN9uX1zTc3SPmQpRG4TwLqv6KWy9HtxfBzhEfuQaMBicwEf4CEjzkGMmvopBUNb4Kh74w==
  dependencies:
    "@aws-cdk/aws-events" "1.156.1"
    "@aws-cdk/aws-iam" "1.156.1"
    "@aws-cdk/aws-kms" "1.156.1"
    "@aws-cdk/core" "1.156.1"
    constructs "^3.3.69"

"@aws-cdk/aws-efs@1.156.1":
  version "1.156.1"
  resolved "https://registry.yarnpkg.com/@aws-cdk/aws-efs/-/aws-efs-1.156.1.tgz#9e9bea53622a5cded2f104e55c0e4beafcf4d052"
  integrity sha512-R9O2e4ZcqIODdrEt73sGcHtEorizH3j8E9XwU0fC/iBWSeL0myUc/kT9DvzZV8pw/TZLY8RPBehpWxtqXXY6yA==
  dependencies:
    "@aws-cdk/aws-ec2" "1.156.1"
    "@aws-cdk/aws-iam" "1.156.1"
    "@aws-cdk/aws-kms" "1.156.1"
    "@aws-cdk/cloud-assembly-schema" "1.156.1"
    "@aws-cdk/core" "1.156.1"
    "@aws-cdk/cx-api" "1.156.1"
    constructs "^3.3.69"

"@aws-cdk/aws-elasticloadbalancing@1.156.1":
  version "1.156.1"
  resolved "https://registry.yarnpkg.com/@aws-cdk/aws-elasticloadbalancing/-/aws-elasticloadbalancing-1.156.1.tgz#859dbc2ecb907f32dabc51669e341b23d956abf5"
  integrity sha512-YhVb7aLEr2jk8FS2UC5CUlzSpg2hfZy4k2jKWQtE3u6tNZdxrIjG18grFk+0zVREFeIeepRQfqDoBpOLXpPyrw==
  dependencies:
    "@aws-cdk/aws-ec2" "1.156.1"
    "@aws-cdk/core" "1.156.1"
    constructs "^3.3.69"

"@aws-cdk/aws-elasticloadbalancingv2@1.156.1":
  version "1.156.1"
  resolved "https://registry.yarnpkg.com/@aws-cdk/aws-elasticloadbalancingv2/-/aws-elasticloadbalancingv2-1.156.1.tgz#c8bac35d4b00e7d805db540ceb1604c1a8902763"
  integrity sha512-c0qPBmsR/Pxu6YaV2DIFWp8nFo12Tl9CUJUZ5nn9xBSbCe81MyXJ/EB9A0Mhx7vMx/VMzeVkxbTvDPBAlgOe7w==
  dependencies:
    "@aws-cdk/aws-certificatemanager" "1.156.1"
    "@aws-cdk/aws-cloudwatch" "1.156.1"
    "@aws-cdk/aws-ec2" "1.156.1"
    "@aws-cdk/aws-iam" "1.156.1"
    "@aws-cdk/aws-lambda" "1.156.1"
    "@aws-cdk/aws-route53" "1.156.1"
    "@aws-cdk/aws-s3" "1.156.1"
    "@aws-cdk/cloud-assembly-schema" "1.156.1"
    "@aws-cdk/core" "1.156.1"
    "@aws-cdk/cx-api" "1.156.1"
    "@aws-cdk/region-info" "1.156.1"
    constructs "^3.3.69"

"@aws-cdk/aws-events@1.156.1":
  version "1.156.1"
  resolved "https://registry.yarnpkg.com/@aws-cdk/aws-events/-/aws-events-1.156.1.tgz#3363d6ea766fd3b2990f79de9ff6b8f7a576efa0"
  integrity sha512-PJoyx0WzBaIZPQ0XyhqYyw4jPd2RFJTWJMQH+ZXG0btM75vtbfYUPFMriZVlyTzz3tCZHcX5ABKdvMqjquKB1g==
  dependencies:
    "@aws-cdk/aws-iam" "1.156.1"
    "@aws-cdk/core" "1.156.1"
    constructs "^3.3.69"

"@aws-cdk/aws-globalaccelerator@1.156.1":
  version "1.156.1"
  resolved "https://registry.yarnpkg.com/@aws-cdk/aws-globalaccelerator/-/aws-globalaccelerator-1.156.1.tgz#5976419c93dd8b8d58a9e56721eee31e00122d1b"
  integrity sha512-w0cVIULTxbqt7GA+pALfZjYHObjrlgKJVcmki7hsed7TSP5rK29a0a8nv0a7Aro+Aa4Oz375UY2/KUEi75f4dw==
  dependencies:
    "@aws-cdk/aws-ec2" "1.156.1"
    "@aws-cdk/core" "1.156.1"
    "@aws-cdk/custom-resources" "1.156.1"
    constructs "^3.3.69"

"@aws-cdk/aws-iam@1.156.1":
  version "1.156.1"
  resolved "https://registry.yarnpkg.com/@aws-cdk/aws-iam/-/aws-iam-1.156.1.tgz#2106b28c9af66e6287e0d8a4853fab3a341622b1"
  integrity sha512-vxGGnIklGjLA+Z5KNVTHY5awQvLTRpTVEvftFA6K3X5xdiE4Xrbp44LAe+2iUAZ3kftcCwz7Hd3Z4qQ6B5ILUw==
  dependencies:
    "@aws-cdk/core" "1.156.1"
    "@aws-cdk/cx-api" "1.156.1"
    "@aws-cdk/region-info" "1.156.1"
    constructs "^3.3.69"

"@aws-cdk/aws-kms@1.156.1":
  version "1.156.1"
  resolved "https://registry.yarnpkg.com/@aws-cdk/aws-kms/-/aws-kms-1.156.1.tgz#b3956cfe64ef729bfd8940c9b6bc93ee82f5ecb5"
  integrity sha512-/0LNbGQtiie/1s0eE7TEY3zzVfYs1nMS5aEgNalR//q3m8Gne0iBmYnpOmah88m2er4ki0L8aIil8vUvmWrHyQ==
  dependencies:
    "@aws-cdk/aws-iam" "1.156.1"
    "@aws-cdk/cloud-assembly-schema" "1.156.1"
    "@aws-cdk/core" "1.156.1"
    "@aws-cdk/cx-api" "1.156.1"
    constructs "^3.3.69"

"@aws-cdk/aws-lambda@1.156.1":
  version "1.156.1"
  resolved "https://registry.yarnpkg.com/@aws-cdk/aws-lambda/-/aws-lambda-1.156.1.tgz#d1448ea08d5e7ea7fc61c8ee5d1a0a765d5b4bd0"
  integrity sha512-PhncX1+JMY7Y6hjATwxrYxlDM6TKnvpsDW3/PKoZlTnmPatm2WqBl2e0aG3ifrdOrHxX0CwUCw0YCiaoU6bxdQ==
  dependencies:
    "@aws-cdk/aws-applicationautoscaling" "1.156.1"
    "@aws-cdk/aws-cloudwatch" "1.156.1"
    "@aws-cdk/aws-codeguruprofiler" "1.156.1"
    "@aws-cdk/aws-ec2" "1.156.1"
    "@aws-cdk/aws-ecr" "1.156.1"
    "@aws-cdk/aws-ecr-assets" "1.156.1"
    "@aws-cdk/aws-efs" "1.156.1"
    "@aws-cdk/aws-events" "1.156.1"
    "@aws-cdk/aws-iam" "1.156.1"
    "@aws-cdk/aws-kms" "1.156.1"
    "@aws-cdk/aws-logs" "1.156.1"
    "@aws-cdk/aws-s3" "1.156.1"
    "@aws-cdk/aws-s3-assets" "1.156.1"
    "@aws-cdk/aws-signer" "1.156.1"
    "@aws-cdk/aws-sns" "1.156.1"
    "@aws-cdk/aws-sqs" "1.156.1"
    "@aws-cdk/core" "1.156.1"
    "@aws-cdk/cx-api" "1.156.1"
    "@aws-cdk/region-info" "1.156.1"
    constructs "^3.3.69"

"@aws-cdk/aws-logs@1.156.1":
  version "1.156.1"
  resolved "https://registry.yarnpkg.com/@aws-cdk/aws-logs/-/aws-logs-1.156.1.tgz#15a14acf28827a48a83b9529a33d07b3fd96ee35"
  integrity sha512-lTInOCAxAM/pr5WRogqLiNjGQzNxvTYqTlD397G+2uzm1QESJDhndPCd2kCRcMYz0BzAGAB7pkxnGJYe4ioatQ==
  dependencies:
    "@aws-cdk/aws-cloudwatch" "1.156.1"
    "@aws-cdk/aws-iam" "1.156.1"
    "@aws-cdk/aws-kms" "1.156.1"
    "@aws-cdk/aws-s3-assets" "1.156.1"
    "@aws-cdk/core" "1.156.1"
    "@aws-cdk/cx-api" "1.156.1"
    constructs "^3.3.69"

"@aws-cdk/aws-route53-targets@^1.156.1":
  version "1.156.1"
  resolved "https://registry.yarnpkg.com/@aws-cdk/aws-route53-targets/-/aws-route53-targets-1.156.1.tgz#6814620a970dedeabb84c66b6b83811577428f97"
  integrity sha512-AWWF1cr/9HV1Kf5VVmjiaiFv5gSWYgxS3Dp/DO1rFLrwa77S22oFvu9JjRmiuPVvZ9jQTJahYplGwc48MKrVOw==
  dependencies:
    "@aws-cdk/aws-apigateway" "1.156.1"
    "@aws-cdk/aws-cloudfront" "1.156.1"
    "@aws-cdk/aws-cognito" "1.156.1"
    "@aws-cdk/aws-ec2" "1.156.1"
    "@aws-cdk/aws-elasticloadbalancing" "1.156.1"
    "@aws-cdk/aws-elasticloadbalancingv2" "1.156.1"
    "@aws-cdk/aws-globalaccelerator" "1.156.1"
    "@aws-cdk/aws-iam" "1.156.1"
    "@aws-cdk/aws-route53" "1.156.1"
    "@aws-cdk/aws-s3" "1.156.1"
    "@aws-cdk/core" "1.156.1"
    "@aws-cdk/region-info" "1.156.1"
    constructs "^3.3.69"

"@aws-cdk/aws-route53@1.156.1", "@aws-cdk/aws-route53@^1.156.1":
  version "1.156.1"
  resolved "https://registry.yarnpkg.com/@aws-cdk/aws-route53/-/aws-route53-1.156.1.tgz#a628361952edf419e76c8b6d07e30715eda14f8d"
  integrity sha512-DVHK6vyIZimivdf3ysvv2VaZl47Oomfp6lQmKFMu+Ex7lDVHm/YR/a7aLT9id+5OozbK+fJuNsI/+7jFQvxXVQ==
  dependencies:
    "@aws-cdk/aws-ec2" "1.156.1"
    "@aws-cdk/aws-iam" "1.156.1"
    "@aws-cdk/aws-logs" "1.156.1"
    "@aws-cdk/cloud-assembly-schema" "1.156.1"
    "@aws-cdk/core" "1.156.1"
    "@aws-cdk/custom-resources" "1.156.1"
    constructs "^3.3.69"

"@aws-cdk/aws-s3-assets@1.156.1":
  version "1.156.1"
  resolved "https://registry.yarnpkg.com/@aws-cdk/aws-s3-assets/-/aws-s3-assets-1.156.1.tgz#d2d4a44befdcca2399478a06397bba7c8b12d5a7"
  integrity sha512-7FwP5L6SBroEiJNUe+GHszK4nxZnUQePkzCitKYxnBf3N6IJV3rPfgp/T+LHo3ENb04LkMtP3Fn8xKHG+i3O8A==
  dependencies:
    "@aws-cdk/assets" "1.156.1"
    "@aws-cdk/aws-iam" "1.156.1"
    "@aws-cdk/aws-kms" "1.156.1"
    "@aws-cdk/aws-s3" "1.156.1"
    "@aws-cdk/core" "1.156.1"
    "@aws-cdk/cx-api" "1.156.1"
    constructs "^3.3.69"

"@aws-cdk/aws-s3-deployment@^1.156.1":
  version "1.156.1"
  resolved "https://registry.yarnpkg.com/@aws-cdk/aws-s3-deployment/-/aws-s3-deployment-1.156.1.tgz#83d959cf9a550693df474f9786a99bcd06822ed0"
  integrity sha512-xdTJG/VJXyx4LitG21bm70tfOr2NpnMEvLNRNwTp0ATRXh5RI1xa9+m5+M6Vp/groYdRz4ngEChrweqoCerEww==
  dependencies:
    "@aws-cdk/aws-cloudfront" "1.156.1"
    "@aws-cdk/aws-ec2" "1.156.1"
    "@aws-cdk/aws-efs" "1.156.1"
    "@aws-cdk/aws-iam" "1.156.1"
    "@aws-cdk/aws-lambda" "1.156.1"
    "@aws-cdk/aws-logs" "1.156.1"
    "@aws-cdk/aws-s3" "1.156.1"
    "@aws-cdk/aws-s3-assets" "1.156.1"
    "@aws-cdk/core" "1.156.1"
    "@aws-cdk/lambda-layer-awscli" "1.156.1"
    case "1.6.3"
    constructs "^3.3.69"

"@aws-cdk/aws-s3@1.156.1", "@aws-cdk/aws-s3@^1.156.1":
  version "1.156.1"
  resolved "https://registry.yarnpkg.com/@aws-cdk/aws-s3/-/aws-s3-1.156.1.tgz#377dea7d02693131eb3978d8c75946452417283d"
  integrity sha512-bnY1CfW9QURnYfEmOLOFhCaeN3lCkC083RFEYy3xPYyjCEu0ncoyrytIJmZM2HV/MRJZamx0FCa9w+kp3yb3EA==
  dependencies:
    "@aws-cdk/aws-events" "1.156.1"
    "@aws-cdk/aws-iam" "1.156.1"
    "@aws-cdk/aws-kms" "1.156.1"
    "@aws-cdk/core" "1.156.1"
    "@aws-cdk/cx-api" "1.156.1"
    constructs "^3.3.69"

"@aws-cdk/aws-signer@1.156.1":
  version "1.156.1"
  resolved "https://registry.yarnpkg.com/@aws-cdk/aws-signer/-/aws-signer-1.156.1.tgz#12757fbe1fa94f69851f8cd5df7b02318a01c2f1"
  integrity sha512-AZjiE23qHDoHcZO3S/ODouuTUmLsvMwUC8tFer7DeazGDgQoAi1pZQTfNjSSLLc8nbqJU0imlPLPdC6uWjBT+Q==
  dependencies:
    "@aws-cdk/core" "1.156.1"
    constructs "^3.3.69"

"@aws-cdk/aws-sns@1.156.1":
  version "1.156.1"
  resolved "https://registry.yarnpkg.com/@aws-cdk/aws-sns/-/aws-sns-1.156.1.tgz#8f6ac61479330417aee156d8cb4a8191a6ff624c"
  integrity sha512-4GIgwljv8TNB5DtupNl/Qk592QtCktQnHL16scWO6lhME2zxKuW4mewNP81LEElKCAbLffKMWboz7XgVLXaXfQ==
  dependencies:
    "@aws-cdk/aws-cloudwatch" "1.156.1"
    "@aws-cdk/aws-codestarnotifications" "1.156.1"
    "@aws-cdk/aws-events" "1.156.1"
    "@aws-cdk/aws-iam" "1.156.1"
    "@aws-cdk/aws-kms" "1.156.1"
    "@aws-cdk/aws-sqs" "1.156.1"
    "@aws-cdk/core" "1.156.1"
    constructs "^3.3.69"

"@aws-cdk/aws-sqs@1.156.1":
  version "1.156.1"
  resolved "https://registry.yarnpkg.com/@aws-cdk/aws-sqs/-/aws-sqs-1.156.1.tgz#d6c87dca703269f71efd0c940049acc6b2cdb92e"
  integrity sha512-aQYPUTXTquyA9VO8Jzpc+9SPCQyaeoqK0QkGXf/W8lc9o9Mq+/R6OsytD6h7T9SGoNNw+7fJiux/igWLTJxyaA==
  dependencies:
    "@aws-cdk/aws-cloudwatch" "1.156.1"
    "@aws-cdk/aws-iam" "1.156.1"
    "@aws-cdk/aws-kms" "1.156.1"
    "@aws-cdk/core" "1.156.1"
    constructs "^3.3.69"

"@aws-cdk/aws-ssm@1.156.1":
  version "1.156.1"
  resolved "https://registry.yarnpkg.com/@aws-cdk/aws-ssm/-/aws-ssm-1.156.1.tgz#1768b9e7ed09a751a37ad367b809c3ee374648c5"
  integrity sha512-ichWK31v5rTLq/7AZG7Asbu/0p1v9lxs6p1+leIv1IB2TmmGRGF+fQx+bVO/PMPKN0Q487lmzjlYNBG97pMoaA==
  dependencies:
    "@aws-cdk/aws-iam" "1.156.1"
    "@aws-cdk/aws-kms" "1.156.1"
    "@aws-cdk/cloud-assembly-schema" "1.156.1"
    "@aws-cdk/core" "1.156.1"
    constructs "^3.3.69"

"@aws-cdk/aws-stepfunctions@1.156.1":
  version "1.156.1"
  resolved "https://registry.yarnpkg.com/@aws-cdk/aws-stepfunctions/-/aws-stepfunctions-1.156.1.tgz#0a016cba394f508e87c4e5f9c600fc08d0178970"
  integrity sha512-Bhv6R8pBabdGMPsNmXPMycxbjZ7f6iXBGmazBDaXdJUj8gufLo7Q3qhbx1n2ZeUbgUKsA1s79AextzKPRudLhQ==
  dependencies:
    "@aws-cdk/aws-cloudwatch" "1.156.1"
    "@aws-cdk/aws-events" "1.156.1"
    "@aws-cdk/aws-iam" "1.156.1"
    "@aws-cdk/aws-logs" "1.156.1"
    "@aws-cdk/aws-s3" "1.156.1"
    "@aws-cdk/core" "1.156.1"
    constructs "^3.3.69"

"@aws-cdk/cloud-assembly-schema@1.156.1":
  version "1.156.1"
  resolved "https://registry.yarnpkg.com/@aws-cdk/cloud-assembly-schema/-/cloud-assembly-schema-1.156.1.tgz#84db44c859eef397a666e4ed297a70dd26c57624"
  integrity sha512-ahfBwr3D5opDTtnbd9+IZjQnTbPcloqPtyzMfIJe8awlNPa2x7y+0gqevH5SwObIn+i27NB0ZI6L5UjAlrIZng==
  dependencies:
    jsonschema "^1.4.0"
    semver "^7.3.7"

"@aws-cdk/core@1.156.1", "@aws-cdk/core@^1.156.1":
  version "1.156.1"
  resolved "https://registry.yarnpkg.com/@aws-cdk/core/-/core-1.156.1.tgz#914b0d58449c3f4fd731578cc2f8882dae8168a0"
  integrity sha512-TNTkbkAFqpoHdHOihqWcc4uicKnvwmggKMxCf95tknnjrVezwoCCr7vNNbOX6SUEUc/9KTuyszQdaBxLRM8+xw==
  dependencies:
    "@aws-cdk/cloud-assembly-schema" "1.156.1"
    "@aws-cdk/cx-api" "1.156.1"
    "@aws-cdk/region-info" "1.156.1"
    "@balena/dockerignore" "^1.0.2"
    constructs "^3.3.69"
    fs-extra "^9.1.0"
    ignore "^5.2.0"
    minimatch "^3.1.2"

"@aws-cdk/custom-resources@1.156.1":
  version "1.156.1"
  resolved "https://registry.yarnpkg.com/@aws-cdk/custom-resources/-/custom-resources-1.156.1.tgz#93da911c07433d0270d4b397128c63f9135c4c33"
  integrity sha512-40IjNJTTKI7G58uuyXlOA9m1YscHUvMfO7DQXILS21fFtkO4hC1M/9g6XFcVntpfkeieJtPCdpSkicYWkAstuQ==
  dependencies:
    "@aws-cdk/aws-cloudformation" "1.156.1"
    "@aws-cdk/aws-ec2" "1.156.1"
    "@aws-cdk/aws-iam" "1.156.1"
    "@aws-cdk/aws-lambda" "1.156.1"
    "@aws-cdk/aws-logs" "1.156.1"
    "@aws-cdk/aws-sns" "1.156.1"
    "@aws-cdk/core" "1.156.1"
    constructs "^3.3.69"

"@aws-cdk/cx-api@1.156.1":
  version "1.156.1"
  resolved "https://registry.yarnpkg.com/@aws-cdk/cx-api/-/cx-api-1.156.1.tgz#f338736c5c3f99ccaaca24a4f5a256d70f9b15c3"
  integrity sha512-xfz4QclTynPavSWiWUBpxqoMpCz01oFPlcnwtVWrMCSJuR9qLyXmpXmvBwGTPJ4FGY0xUNgluWe5/Bm8s4PcTQ==
  dependencies:
    "@aws-cdk/cloud-assembly-schema" "1.156.1"
    semver "^7.3.7"

"@aws-cdk/lambda-layer-awscli@1.156.1":
  version "1.156.1"
  resolved "https://registry.yarnpkg.com/@aws-cdk/lambda-layer-awscli/-/lambda-layer-awscli-1.156.1.tgz#4c7812f62b6b55f5b338260fe88bc1b3d40ec876"
  integrity sha512-jhefZOYd5HZm0U8f7/6ZctQpdXqULyL5vlyK0uBULbijBDF/R6cXE1/feQAmMjlSzvATgytEhEqp7p+mTETFWQ==
  dependencies:
    "@aws-cdk/aws-lambda" "1.156.1"
    "@aws-cdk/core" "1.156.1"
    constructs "^3.3.69"

"@aws-cdk/region-info@1.156.1":
  version "1.156.1"
  resolved "https://registry.yarnpkg.com/@aws-cdk/region-info/-/region-info-1.156.1.tgz#87a62d6b3c4174c3ecd4ff400dcb54b1d74526cf"
  integrity sha512-+LjfeJRFM7K9TzWzCIuWABDsf/KyCBNkCbwHmQXd+ORnrWffQU6u0CcQlq1E0ZHfIlHt+tFPIUx9XHa+FH4CUw==

"@balena/dockerignore@^1.0.2":
  version "1.0.2"
  resolved "https://registry.yarnpkg.com/@balena/dockerignore/-/dockerignore-1.0.2.tgz#9ffe4726915251e8eb69f44ef3547e0da2c03e0d"
  integrity sha512-wMue2Sy4GAVTk6Ic4tJVcnfdau+gx2EnG7S+uAEe+TWJFqE4YoWN4/H8MSLj4eYJKxGg26lZwboEniNiNwZQ6Q==

"@cspotcode/source-map-consumer@0.8.0":
  version "0.8.0"
  resolved "https://registry.yarnpkg.com/@cspotcode/source-map-consumer/-/source-map-consumer-0.8.0.tgz#33bf4b7b39c178821606f669bbc447a6a629786b"
  integrity sha512-41qniHzTU8yAGbCp04ohlmSrZf8bkf/iJsl3V0dRGsQN/5GFfx+LbCSsCpp2gqrqjTVg/K6O8ycoV35JIwAzAg==

"@cspotcode/source-map-support@0.7.0":
  version "0.7.0"
  resolved "https://registry.yarnpkg.com/@cspotcode/source-map-support/-/source-map-support-0.7.0.tgz#4789840aa859e46d2f3173727ab707c66bf344f5"
  integrity sha512-X4xqRHqN8ACt2aHVe51OxeA2HjbcL4MqFqXkrmQszJ1NOUuUu5u6Vqx/0lZSVNku7velL5FC/s5uEAj1lsBMhA==
  dependencies:
    "@cspotcode/source-map-consumer" "0.8.0"

"@tsconfig/node10@^1.0.7":
  version "1.0.8"
  resolved "https://registry.yarnpkg.com/@tsconfig/node10/-/node10-1.0.8.tgz#c1e4e80d6f964fbecb3359c43bd48b40f7cadad9"
  integrity sha512-6XFfSQmMgq0CFLY1MslA/CPUfhIL919M1rMsa5lP2P097N2Wd1sSX0tx1u4olM16fLNhtHZpRhedZJphNJqmZg==

"@tsconfig/node12@^1.0.7":
  version "1.0.9"
  resolved "https://registry.yarnpkg.com/@tsconfig/node12/-/node12-1.0.9.tgz#62c1f6dee2ebd9aead80dc3afa56810e58e1a04c"
  integrity sha512-/yBMcem+fbvhSREH+s14YJi18sp7J9jpuhYByADT2rypfajMZZN4WQ6zBGgBKp53NKmqI36wFYDb3yaMPurITw==

"@tsconfig/node14@^1.0.0":
  version "1.0.1"
  resolved "https://registry.yarnpkg.com/@tsconfig/node14/-/node14-1.0.1.tgz#95f2d167ffb9b8d2068b0b235302fafd4df711f2"
  integrity sha512-509r2+yARFfHHE7T6Puu2jjkoycftovhXRqW328PDXTVGKihlb1P8Z9mMZH04ebyajfRY7dedfGynlrFHJUQCg==

"@tsconfig/node16@^1.0.2":
  version "1.0.2"
  resolved "https://registry.yarnpkg.com/@tsconfig/node16/-/node16-1.0.2.tgz#423c77877d0569db20e1fc80885ac4118314010e"
  integrity sha512-eZxlbI8GZscaGS7kkc/trHTT5xgrjH3/1n2JDwusC9iahPKWMRvRjJSAN5mCXviuTGQ/lHnhvv8Q1YTpnfz9gA==

"@types/node@^17.0.33":
  version "17.0.33"
  resolved "https://registry.yarnpkg.com/@types/node/-/node-17.0.33.tgz#3c1879b276dc63e73030bb91165e62a4509cd506"
  integrity sha512-miWq2m2FiQZmaHfdZNcbpp9PuXg34W5JZ5CrJ/BaS70VuhoJENBEQybeiYSaPBRNq6KQGnjfEnc/F3PN++D+XQ==

acorn-walk@^8.1.1:
  version "8.2.0"
  resolved "https://registry.yarnpkg.com/acorn-walk/-/acorn-walk-8.2.0.tgz#741210f2e2426454508853a2f44d0ab83b7f69c1"
  integrity sha512-k+iyHEuPgSw6SbuDpGQM+06HQUa04DZ3o+F6CSzXMvvI5KMvnaEqXe+YVe555R9nn6GPt404fos4wcgpw12SDA==

acorn@^8.4.1:
  version "8.7.1"
  resolved "https://registry.yarnpkg.com/acorn/-/acorn-8.7.1.tgz#0197122c843d1bf6d0a5e83220a788f278f63c30"
  integrity sha512-Xx54uLJQZ19lKygFXOWsscKUbsBZW0CPykPhVQdhIeIwrbPmJzqeASDInc8nKBnp/JT6igTs82qPXz069H8I/A==

arg@^4.1.0:
  version "4.1.3"
  resolved "https://registry.yarnpkg.com/arg/-/arg-4.1.3.tgz#269fc7ad5b8e42cb63c896d5666017261c144089"
  integrity sha512-58S9QDqG0Xx27YwPSt9fJxivjYl432YCwfDMfZ+71RAqUrZef7LrKQZ3LHLOwCS4FLNBplP533Zx895SeOCHvA==

at-least-node@^1.0.0:
  version "1.0.0"
  resolved "https://registry.yarnpkg.com/at-least-node/-/at-least-node-1.0.0.tgz#602cd4b46e844ad4effc92a8011a3c46e0238dc2"
  integrity sha512-+q/t7Ekv1EDY2l6Gda6LLiX14rU9TV20Wa3ofeQmwPFZbOMo9DXrLbOjFaaclkXKWidIaopwAObQDqwWtGUjqg==

aws-cdk@^2.24.1:
  version "2.24.1"
  resolved "https://registry.yarnpkg.com/aws-cdk/-/aws-cdk-2.24.1.tgz#88c3ece3c01674fbed4e131f3391aa199b5e3871"
  integrity sha512-fDcJW7tLbqsCvWB3eZY6glRrjRE45VqLT+JuKz3C2jIe6qXkwV8dBwYXElwY/tTCh/hDlpWtCNMRdhmrdE25GQ==
  optionalDependencies:
    fsevents "2.3.2"

balanced-match@^1.0.0:
  version "1.0.2"
  resolved "https://registry.yarnpkg.com/balanced-match/-/balanced-match-1.0.2.tgz#e83e3a7e3f300b34cb9d87f615fa0cbf357690ee"
  integrity sha512-3oSeUO0TMV67hN1AmbXsK4yaqU7tjiHlbxRDZOpH0KW9+CeX4bRAaX0Anxt0tx2MrpRpWwQaPwIlISEJhYU5Pw==

brace-expansion@^1.1.7:
  version "1.1.11"
  resolved "https://registry.yarnpkg.com/brace-expansion/-/brace-expansion-1.1.11.tgz#3c7fcbf529d87226f3d2f52b966ff5271eb441dd"
  integrity sha512-iCuPHDFgrHX7H2vEI/5xpz07zSHB00TpugqhmYtVmMO6518mCuRMoOYFldEBl0g187ufozdaHgWKcYFb61qGiA==
  dependencies:
    balanced-match "^1.0.0"
    concat-map "0.0.1"

buffer-from@^1.0.0:
  version "1.1.2"
  resolved "https://registry.yarnpkg.com/buffer-from/-/buffer-from-1.1.2.tgz#2b146a6fd72e80b4f55d255f35ed59a3a9a41bd5"
  integrity sha512-E+XQCRwSbaaiChtv6k6Dwgc+bx+Bs6vuKJHHl5kox/BaKbhiXzqQOwK4cO22yElGp2OCmjwVhT3HmxgyPGnJfQ==

case@1.6.3:
  version "1.6.3"
  resolved "https://registry.yarnpkg.com/case/-/case-1.6.3.tgz#0a4386e3e9825351ca2e6216c60467ff5f1ea1c9"
  integrity sha512-mzDSXIPaFwVDvZAHqZ9VlbyF4yyXRuX6IvB06WvPYkqJVO24kX1PPhv9bfpKNFZyxYFmmgo03HUiD8iklmJYRQ==

concat-map@0.0.1:
  version "0.0.1"
  resolved "https://registry.yarnpkg.com/concat-map/-/concat-map-0.0.1.tgz#d8a96bd77fd68df7793a73036a3ba0d5405d477b"
  integrity sha1-2Klr13/Wjfd5OnMDajug1UBdR3s=

constructs@^3.3.69:
  version "3.4.7"
  resolved "https://registry.yarnpkg.com/constructs/-/constructs-3.4.7.tgz#da2721dcb5d9fa49a977536ac9792ea0ae7a34f4"
  integrity sha512-TnYJY+u7+TP/p5/sZOzBrPGNA/Aa3MDlqpS/+98gvWWndRwnLy0VFPX3HDS/gvVMa0WcE3U59heFXnxtQvSbqA==

create-require@^1.1.0:
  version "1.1.1"
  resolved "https://registry.yarnpkg.com/create-require/-/create-require-1.1.1.tgz#c1d7e8f1e5f6cfc9ff65f9cd352d37348756c333"
  integrity sha512-dcKFX3jn0MpIaXjisoRvexIJVEKzaq7z2rZKxf+MSr9TkdmHmsU4m2lcLojrj/FHl8mk5VxMmYA+ftRkP/3oKQ==

diff@^4.0.1:
  version "4.0.2"
  resolved "https://registry.yarnpkg.com/diff/-/diff-4.0.2.tgz#60f3aecb89d5fae520c11aa19efc2bb982aade7d"
  integrity sha512-58lmxKSA4BNyLz+HHMUzlOEpg09FV+ev6ZMe3vJihgdxzgcwZ8VoEEPmALCZG9LmqfVoNMMKpttIYTVG6uDY7A==

fs-extra@^9.1.0:
  version "9.1.0"
  resolved "https://registry.yarnpkg.com/fs-extra/-/fs-extra-9.1.0.tgz#5954460c764a8da2094ba3554bf839e6b9a7c86d"
  integrity sha512-hcg3ZmepS30/7BSFqRvoo3DOMQu7IjqxO5nCDt+zM9XWjb33Wg7ziNT+Qvqbuc3+gWpzO02JubVyk2G4Zvo1OQ==
  dependencies:
    at-least-node "^1.0.0"
    graceful-fs "^4.2.0"
    jsonfile "^6.0.1"
    universalify "^2.0.0"

fsevents@2.3.2:
  version "2.3.2"
  resolved "https://registry.yarnpkg.com/fsevents/-/fsevents-2.3.2.tgz#8a526f78b8fdf4623b709e0b975c52c24c02fd1a"
  integrity sha512-xiqMQR4xAeHTuB9uWm+fFRcIOgKBMiOBP+eXiyT7jsgVCq1bkVygt00oASowB7EdtpOHaaPgKt812P9ab+DDKA==

graceful-fs@^4.1.6, graceful-fs@^4.2.0:
  version "4.2.10"
  resolved "https://registry.yarnpkg.com/graceful-fs/-/graceful-fs-4.2.10.tgz#147d3a006da4ca3ce14728c7aefc287c367d7a6c"
  integrity sha512-9ByhssR2fPVsNZj478qUUbKfmL0+t5BDVyjShtyZZLiK7ZDAArFFfopyOTj0M05wE2tJPisA4iTnnXl2YoPvOA==

ignore@^5.2.0:
  version "5.2.0"
  resolved "https://registry.yarnpkg.com/ignore/-/ignore-5.2.0.tgz#6d3bac8fa7fe0d45d9f9be7bac2fc279577e345a"
  integrity sha512-CmxgYGiEPCLhfLnpPp1MoRmifwEIOgjcHXxOBjv7mY96c+eWScsOP9c112ZyLdWHi0FxHjI+4uVhKYp/gcdRmQ==

jsonfile@^6.0.1:
  version "6.1.0"
  resolved "https://registry.yarnpkg.com/jsonfile/-/jsonfile-6.1.0.tgz#bc55b2634793c679ec6403094eb13698a6ec0aae"
  integrity sha512-5dgndWOriYSm5cnYaJNhalLNDKOqFwyDB/rr1E9ZsGciGvKPs8R2xYGCacuf3z6K1YKDz182fd+fY3cn3pMqXQ==
  dependencies:
    universalify "^2.0.0"
  optionalDependencies:
    graceful-fs "^4.1.6"

jsonschema@^1.4.0:
  version "1.4.0"
  resolved "https://registry.yarnpkg.com/jsonschema/-/jsonschema-1.4.0.tgz#1afa34c4bc22190d8e42271ec17ac8b3404f87b2"
  integrity sha512-/YgW6pRMr6M7C+4o8kS+B/2myEpHCrxO4PEWnqJNBFMjn7EWXqlQ4tGwL6xTHeRplwuZmcAncdvfOad1nT2yMw==

lru-cache@^6.0.0:
  version "6.0.0"
  resolved "https://registry.yarnpkg.com/lru-cache/-/lru-cache-6.0.0.tgz#6d6fe6570ebd96aaf90fcad1dafa3b2566db3a94"
  integrity sha512-Jo6dJ04CmSjuznwJSS3pUeWmd/H0ffTlkXXgwZi+eq1UCmqQwCh+eLsYOYCwY991i2Fah4h1BEMCx4qThGbsiA==
  dependencies:
    yallist "^4.0.0"

make-error@^1.1.1:
  version "1.3.6"
  resolved "https://registry.yarnpkg.com/make-error/-/make-error-1.3.6.tgz#2eb2e37ea9b67c4891f684a1394799af484cf7a2"
  integrity sha512-s8UhlNe7vPKomQhC1qFelMokr/Sc3AgNbso3n74mVPA5LTZwkB9NlXf4XPamLxJE8h0gh73rM94xvwRT2CVInw==

minimatch@^3.1.2:
  version "3.1.2"
  resolved "https://registry.yarnpkg.com/minimatch/-/minimatch-3.1.2.tgz#19cd194bfd3e428f049a70817c038d89ab4be35b"
  integrity sha512-J7p63hRiAjw1NDEww1W7i37+ByIrOWO5XQQAzZ3VOcL0PNybwpfmV/N05zFAzwQ9USyEcX6t3UO+K5aqBQOIHw==
  dependencies:
    brace-expansion "^1.1.7"

punycode@^2.1.1:
  version "2.1.1"
  resolved "https://registry.yarnpkg.com/punycode/-/punycode-2.1.1.tgz#b58b010ac40c22c5657616c8d2c2c02c7bf479ec"
  integrity sha512-XRsRjdf+j5ml+y/6GKHPZbrF/8p2Yga0JPtdqTIY2Xe5ohJPD9saDJJLPvp9+NSBprVvevdXZybnj2cv8OEd0A==

semver@^7.3.7:
  version "7.3.7"
  resolved "https://registry.yarnpkg.com/semver/-/semver-7.3.7.tgz#12c5b649afdbf9049707796e22a4028814ce523f"
  integrity sha512-QlYTucUYOews+WeEujDoEGziz4K6c47V/Bd+LjSSYcA94p+DmINdf7ncaUinThfvZyu13lN9OY1XDxt8C0Tw0g==
  dependencies:
    lru-cache "^6.0.0"

source-map-support@^0.5.21:
  version "0.5.21"
  resolved "https://registry.yarnpkg.com/source-map-support/-/source-map-support-0.5.21.tgz#04fe7c7f9e1ed2d662233c28cb2b35b9f63f6e4f"
  integrity sha512-uBHU3L3czsIyYXKX88fdrGovxdSCoTGDRZ6SYXtSRxLZUzHg5P/66Ht6uoUlHu9EZod+inXhKo3qQgwXUT/y1w==
  dependencies:
    buffer-from "^1.0.0"
    source-map "^0.6.0"

source-map@^0.6.0:
  version "0.6.1"
  resolved "https://registry.yarnpkg.com/source-map/-/source-map-0.6.1.tgz#74722af32e9614e9c287a8d0bbde48b5e2f1a263"
  integrity sha512-UjgapumWlbMhkBgzT7Ykc5YXUT46F0iKu8SGXq0bcwP5dz/h0Plj6enJqjz1Zbq2l5WaqYnrVbwWOWMyF3F47g==

ts-node@^10.7.0:
  version "10.7.0"
  resolved "https://registry.yarnpkg.com/ts-node/-/ts-node-10.7.0.tgz#35d503d0fab3e2baa672a0e94f4b40653c2463f5"
  integrity sha512-TbIGS4xgJoX2i3do417KSaep1uRAW/Lu+WAL2doDHC0D6ummjirVOXU5/7aiZotbQ5p1Zp9tP7U6cYhA0O7M8A==
  dependencies:
    "@cspotcode/source-map-support" "0.7.0"
    "@tsconfig/node10" "^1.0.7"
    "@tsconfig/node12" "^1.0.7"
    "@tsconfig/node14" "^1.0.0"
    "@tsconfig/node16" "^1.0.2"
    acorn "^8.4.1"
    acorn-walk "^8.1.1"
    arg "^4.1.0"
    create-require "^1.1.0"
    diff "^4.0.1"
    make-error "^1.1.1"
    v8-compile-cache-lib "^3.0.0"
    yn "3.1.1"

typescript@^4.6.4:
  version "4.6.4"
  resolved "https://registry.yarnpkg.com/typescript/-/typescript-4.6.4.tgz#caa78bbc3a59e6a5c510d35703f6a09877ce45e9"
  integrity sha512-9ia/jWHIEbo49HfjrLGfKbZSuWo9iTMwXO+Ca3pRsSpbsMbc7/IU8NKdCZVRRBafVPGnoJeFL76ZOAA84I9fEg==

universalify@^2.0.0:
  version "2.0.0"
  resolved "https://registry.yarnpkg.com/universalify/-/universalify-2.0.0.tgz#75a4984efedc4b08975c5aeb73f530d02df25717"
  integrity sha512-hAZsKq7Yy11Zu1DE0OzWjw7nnLZmJZYTDZZyEFHZdUhV8FkH5MCfoU1XMaxXovpyW5nq5scPqq0ZDP9Zyl04oQ==

v8-compile-cache-lib@^3.0.0:
  version "3.0.1"
  resolved "https://registry.yarnpkg.com/v8-compile-cache-lib/-/v8-compile-cache-lib-3.0.1.tgz#6336e8d71965cb3d35a1bbb7868445a7c05264bf"
  integrity sha512-wa7YjyUGfNZngI/vtK0UHAN+lgDCxBPCylVXGp0zu59Fz5aiGtNXaq3DhIov063MorB+VfufLh3JlF2KdTK3xg==

yallist@^4.0.0:
  version "4.0.0"
  resolved "https://registry.yarnpkg.com/yallist/-/yallist-4.0.0.tgz#9bb92790d9c0effec63be73519e11a35019a3a72"
  integrity sha512-3wdGidZyq5PB084XLES5TpOSRA3wjXAlIWMhum2kRcv/41Sn2emQ0dycQW4uZXLejwKvg6EsvbdlVL+FYEct7A==

yn@3.1.1:
  version "3.1.1"
  resolved "https://registry.yarnpkg.com/yn/-/yn-3.1.1.tgz#1e87401a09d767c1d5eab26a6e4c185182d2eb50"
  integrity sha512-Ux4ygGWsu2c7isFWe8Yu1YluJmqVhxqK2cLXNQA5AcC3QfbGNpM7fu0Y8b/z16pXLnFxZYvWhd3fhBY9DLmC6Q==
